
Microsoft Visual Studio Solution File, Format Version 12.00
# Visual Studio Version 17
VisualStudioVersion = 17.4.33205.214
MinimumVisualStudioVersion = 10.0.40219.1
Project("{9A19103F-16F7-4668-BE54-9A1E7A4F7556}") = "BytecodeApi", "BytecodeApi\BytecodeApi.csproj", "{12EB36E4-CDD8-4FF2-AEB5-44FC9FDB0591}"
EndProject
Project("{9A19103F-16F7-4668-BE54-9A1E7A4F7556}") = "BytecodeApi.Wpf", "BytecodeApi.Wpf\BytecodeApi.Wpf.csproj", "{4A440EA9-0C5E-4554-9926-B1E38786DDE2}"
EndProject
Project("{9A19103F-16F7-4668-BE54-9A1E7A4F7556}") = "BytecodeApi.Win32", "BytecodeApi.Win32\BytecodeApi.Win32.csproj", "{F98DA52C-F73B-4DEC-B5BF-057DFC520994}"
EndProject
Project("{9A19103F-16F7-4668-BE54-9A1E7A4F7556}") = "BytecodeApi.LanguageGenerator", "BytecodeApi.LanguageGenerator\BytecodeApi.LanguageGenerator.csproj", "{8596760D-05FA-4391-A4E2-FA42E170C36B}"
EndProject
Project("{9A19103F-16F7-4668-BE54-9A1E7A4F7556}") = "Playground.Wpf", "Playground.Wpf\Playground.Wpf.csproj", "{1DB3AE98-DD46-4F2B-B5F3-93BE93A1ED7C}"
EndProject
Project("{9A19103F-16F7-4668-BE54-9A1E7A4F7556}") = "Playground.Console", "Playground.Console\Playground.Console.csproj", "{FF0DDD83-07F1-43CF-A1DD-9F96CC39E982}"
EndProject
Project("{2150E333-8FDC-42A3-9474-1A3956D46DE8}") = "Playground", "Playground", "{3C26649E-219C-4EAB-A44B-58728DBA56C0}"
EndProject
Project("{9A19103F-16F7-4668-BE54-9A1E7A4F7556}") = "BytecodeApi.Cryptography", "BytecodeApi.Cryptography\BytecodeApi.Cryptography.csproj", "{BE5FA9C9-4AAC-4C42-B0C0-56E45CBFFD82}"
EndProject
Project("{9A19103F-16F7-4668-BE54-9A1E7A4F7556}") = "BytecodeApi.PEResources", "BytecodeApi.PEResources\BytecodeApi.PEResources.csproj", "{80A40211-0A05-4D46-8421-B51E3EE051DE}"
EndProject
Project("{9A19103F-16F7-4668-BE54-9A1E7A4F7556}") = "BytecodeApi.Lexer", "BytecodeApi.Lexer\BytecodeApi.Lexer.csproj", "{16E3D0F5-D425-4407-B6BE-70FB513E8CEA}"
EndProject
Project("{9A19103F-16F7-4668-BE54-9A1E7A4F7556}") = "BytecodeApi.IniParser", "BytecodeApi.IniParser\BytecodeApi.IniParser.csproj", "{CB2BD864-4BCF-4A6D-B29F-FDA583626B4E}"
EndProject
Project("{9A19103F-16F7-4668-BE54-9A1E7A4F7556}") = "BytecodeApi.CsvParser", "BytecodeApi.CsvParser\BytecodeApi.CsvParser.csproj", "{94D6DD3A-3C17-498E-8051-0973C083CA8E}"
EndProject
Project("{9A19103F-16F7-4668-BE54-9A1E7A4F7556}") = "BytecodeApi.PEParser", "BytecodeApi.PEParser\BytecodeApi.PEParser.csproj", "{670C814C-533C-4295-8A01-03327360F94D}"
EndProject
Project("{9A19103F-16F7-4668-BE54-9A1E7A4F7556}") = "BytecodeApi.Penetration", "BytecodeApi.Penetration\BytecodeApi.Penetration.csproj", "{39DBA6CA-E772-4CA7-A43D-CFC8AAFBC34B}"
EndProject
Project("{9A19103F-16F7-4668-BE54-9A1E7A4F7556}") = "BytecodeApi.Rest", "BytecodeApi.Rest\BytecodeApi.Rest.csproj", "{974E44EB-AF8A-4250-9797-7D5DF45567DA}"
EndProject
Project("{9A19103F-16F7-4668-BE54-9A1E7A4F7556}") = "BytecodeApi.Cryptography.Tests", "BytecodeApi.Cryptography.Tests\BytecodeApi.Cryptography.Tests.csproj", "{EA93C10F-E142-49F4-B0B8-D0DD0A90E3D5}"
EndProject
Project("{9A19103F-16F7-4668-BE54-9A1E7A4F7556}") = "BytecodeApi.CommandLineParser", "BytecodeApi.CommandLineParser\BytecodeApi.CommandLineParser.csproj", "{4AFEB979-7E52-4941-BE68-D5ED6B7438B1}"
EndProject
Project("{9A19103F-16F7-4668-BE54-9A1E7A4F7556}") = "BytecodeApi.Wmi", "BytecodeApi.Wmi\BytecodeApi.Wmi.csproj", "{8A0B83AF-ED6B-4AA8-A793-FD466797FAFF}"
EndProject
Project("{9A19103F-16F7-4668-BE54-9A1E7A4F7556}") = "BytecodeApi.ConsoleUI", "BytecodeApi.ConsoleUI\BytecodeApi.ConsoleUI.csproj", "{042B5C31-2530-4FDA-8F52-CD0F7366CA98}"
EndProject
Global
	GlobalSection(SolutionConfigurationPlatforms) = preSolution
		Debug|Any CPU = Debug|Any CPU
		Debug|x64 = Debug|x64
		Debug|x86 = Debug|x86
		Release|Any CPU = Release|Any CPU
		Release|x64 = Release|x64
		Release|x86 = Release|x86
	EndGlobalSection
	GlobalSection(ProjectConfigurationPlatforms) = postSolution
		{12EB36E4-CDD8-4FF2-AEB5-44FC9FDB0591}.Debug|Any CPU.ActiveCfg = Debug|Any CPU
		{12EB36E4-CDD8-4FF2-AEB5-44FC9FDB0591}.Debug|Any CPU.Build.0 = Debug|Any CPU
		{12EB36E4-CDD8-4FF2-AEB5-44FC9FDB0591}.Debug|x64.ActiveCfg = Debug|Any CPU
		{12EB36E4-CDD8-4FF2-AEB5-44FC9FDB0591}.Debug|x64.Build.0 = Debug|Any CPU
		{12EB36E4-CDD8-4FF2-AEB5-44FC9FDB0591}.Debug|x86.ActiveCfg = Debug|Any CPU
		{12EB36E4-CDD8-4FF2-AEB5-44FC9FDB0591}.Debug|x86.Build.0 = Debug|Any CPU
		{12EB36E4-CDD8-4FF2-AEB5-44FC9FDB0591}.Release|Any CPU.ActiveCfg = Release|Any CPU
		{12EB36E4-CDD8-4FF2-AEB5-44FC9FDB0591}.Release|Any CPU.Build.0 = Release|Any CPU
		{12EB36E4-CDD8-4FF2-AEB5-44FC9FDB0591}.Release|x64.ActiveCfg = Release|Any CPU
		{12EB36E4-CDD8-4FF2-AEB5-44FC9FDB0591}.Release|x64.Build.0 = Release|Any CPU
		{12EB36E4-CDD8-4FF2-AEB5-44FC9FDB0591}.Release|x86.ActiveCfg = Release|Any CPU
		{12EB36E4-CDD8-4FF2-AEB5-44FC9FDB0591}.Release|x86.Build.0 = Release|Any CPU
		{4A440EA9-0C5E-4554-9926-B1E38786DDE2}.Debug|Any CPU.ActiveCfg = Debug|Any CPU
		{4A440EA9-0C5E-4554-9926-B1E38786DDE2}.Debug|Any CPU.Build.0 = Debug|Any CPU
		{4A440EA9-0C5E-4554-9926-B1E38786DDE2}.Debug|x64.ActiveCfg = Debug|Any CPU
		{4A440EA9-0C5E-4554-9926-B1E38786DDE2}.Debug|x64.Build.0 = Debug|Any CPU
		{4A440EA9-0C5E-4554-9926-B1E38786DDE2}.Debug|x86.ActiveCfg = Debug|Any CPU
		{4A440EA9-0C5E-4554-9926-B1E38786DDE2}.Debug|x86.Build.0 = Debug|Any CPU
		{4A440EA9-0C5E-4554-9926-B1E38786DDE2}.Release|Any CPU.ActiveCfg = Release|Any CPU
		{4A440EA9-0C5E-4554-9926-B1E38786DDE2}.Release|Any CPU.Build.0 = Release|Any CPU
		{4A440EA9-0C5E-4554-9926-B1E38786DDE2}.Release|x64.ActiveCfg = Release|Any CPU
		{4A440EA9-0C5E-4554-9926-B1E38786DDE2}.Release|x64.Build.0 = Release|Any CPU
		{4A440EA9-0C5E-4554-9926-B1E38786DDE2}.Release|x86.ActiveCfg = Release|Any CPU
		{4A440EA9-0C5E-4554-9926-B1E38786DDE2}.Release|x86.Build.0 = Release|Any CPU
		{F98DA52C-F73B-4DEC-B5BF-057DFC520994}.Debug|Any CPU.ActiveCfg = Debug|Any CPU
		{F98DA52C-F73B-4DEC-B5BF-057DFC520994}.Debug|Any CPU.Build.0 = Debug|Any CPU
		{F98DA52C-F73B-4DEC-B5BF-057DFC520994}.Debug|x64.ActiveCfg = Debug|Any CPU
		{F98DA52C-F73B-4DEC-B5BF-057DFC520994}.Debug|x64.Build.0 = Debug|Any CPU
		{F98DA52C-F73B-4DEC-B5BF-057DFC520994}.Debug|x86.ActiveCfg = Debug|Any CPU
		{F98DA52C-F73B-4DEC-B5BF-057DFC520994}.Debug|x86.Build.0 = Debug|Any CPU
		{F98DA52C-F73B-4DEC-B5BF-057DFC520994}.Release|Any CPU.ActiveCfg = Release|Any CPU
		{F98DA52C-F73B-4DEC-B5BF-057DFC520994}.Release|Any CPU.Build.0 = Release|Any CPU
		{F98DA52C-F73B-4DEC-B5BF-057DFC520994}.Release|x64.ActiveCfg = Release|Any CPU
		{F98DA52C-F73B-4DEC-B5BF-057DFC520994}.Release|x64.Build.0 = Release|Any CPU
		{F98DA52C-F73B-4DEC-B5BF-057DFC520994}.Release|x86.ActiveCfg = Release|Any CPU
		{F98DA52C-F73B-4DEC-B5BF-057DFC520994}.Release|x86.Build.0 = Release|Any CPU
		{8596760D-05FA-4391-A4E2-FA42E170C36B}.Debug|Any CPU.ActiveCfg = Debug|Any CPU
		{8596760D-05FA-4391-A4E2-FA42E170C36B}.Debug|Any CPU.Build.0 = Debug|Any CPU
		{8596760D-05FA-4391-A4E2-FA42E170C36B}.Debug|x64.ActiveCfg = Debug|Any CPU
		{8596760D-05FA-4391-A4E2-FA42E170C36B}.Debug|x64.Build.0 = Debug|Any CPU
		{8596760D-05FA-4391-A4E2-FA42E170C36B}.Debug|x86.ActiveCfg = Debug|Any CPU
		{8596760D-05FA-4391-A4E2-FA42E170C36B}.Debug|x86.Build.0 = Debug|Any CPU
		{8596760D-05FA-4391-A4E2-FA42E170C36B}.Release|Any CPU.ActiveCfg = Release|Any CPU
		{8596760D-05FA-4391-A4E2-FA42E170C36B}.Release|Any CPU.Build.0 = Release|Any CPU
		{8596760D-05FA-4391-A4E2-FA42E170C36B}.Release|x64.ActiveCfg = Release|Any CPU
		{8596760D-05FA-4391-A4E2-FA42E170C36B}.Release|x64.Build.0 = Release|Any CPU
		{8596760D-05FA-4391-A4E2-FA42E170C36B}.Release|x86.ActiveCfg = Release|Any CPU
		{8596760D-05FA-4391-A4E2-FA42E170C36B}.Release|x86.Build.0 = Release|Any CPU
		{1DB3AE98-DD46-4F2B-B5F3-93BE93A1ED7C}.Debug|Any CPU.ActiveCfg = Debug|Any CPU
		{1DB3AE98-DD46-4F2B-B5F3-93BE93A1ED7C}.Debug|Any CPU.Build.0 = Debug|Any CPU
		{1DB3AE98-DD46-4F2B-B5F3-93BE93A1ED7C}.Debug|x64.ActiveCfg = Debug|x64
		{1DB3AE98-DD46-4F2B-B5F3-93BE93A1ED7C}.Debug|x64.Build.0 = Debug|x64
		{1DB3AE98-DD46-4F2B-B5F3-93BE93A1ED7C}.Debug|x86.ActiveCfg = Debug|x86
		{1DB3AE98-DD46-4F2B-B5F3-93BE93A1ED7C}.Debug|x86.Build.0 = Debug|x86
		{1DB3AE98-DD46-4F2B-B5F3-93BE93A1ED7C}.Release|Any CPU.ActiveCfg = Release|Any CPU
		{1DB3AE98-DD46-4F2B-B5F3-93BE93A1ED7C}.Release|Any CPU.Build.0 = Release|Any CPU
		{1DB3AE98-DD46-4F2B-B5F3-93BE93A1ED7C}.Release|x64.ActiveCfg = Release|x64
		{1DB3AE98-DD46-4F2B-B5F3-93BE93A1ED7C}.Release|x64.Build.0 = Release|x64
		{1DB3AE98-DD46-4F2B-B5F3-93BE93A1ED7C}.Release|x86.ActiveCfg = Release|x86
		{1DB3AE98-DD46-4F2B-B5F3-93BE93A1ED7C}.Release|x86.Build.0 = Release|x86
		{FF0DDD83-07F1-43CF-A1DD-9F96CC39E982}.Debug|Any CPU.ActiveCfg = Debug|Any CPU
		{FF0DDD83-07F1-43CF-A1DD-9F96CC39E982}.Debug|Any CPU.Build.0 = Debug|Any CPU
		{FF0DDD83-07F1-43CF-A1DD-9F96CC39E982}.Debug|x64.ActiveCfg = Debug|x64
		{FF0DDD83-07F1-43CF-A1DD-9F96CC39E982}.Debug|x64.Build.0 = Debug|x64
		{FF0DDD83-07F1-43CF-A1DD-9F96CC39E982}.Debug|x86.ActiveCfg = Debug|x86
		{FF0DDD83-07F1-43CF-A1DD-9F96CC39E982}.Debug|x86.Build.0 = Debug|x86
		{FF0DDD83-07F1-43CF-A1DD-9F96CC39E982}.Release|Any CPU.ActiveCfg = Release|Any CPU
		{FF0DDD83-07F1-43CF-A1DD-9F96CC39E982}.Release|Any CPU.Build.0 = Release|Any CPU
		{FF0DDD83-07F1-43CF-A1DD-9F96CC39E982}.Release|x64.ActiveCfg = Release|x64
		{FF0DDD83-07F1-43CF-A1DD-9F96CC39E982}.Release|x64.Build.0 = Release|x64
		{FF0DDD83-07F1-43CF-A1DD-9F96CC39E982}.Release|x86.ActiveCfg = Release|x86
		{FF0DDD83-07F1-43CF-A1DD-9F96CC39E982}.Release|x86.Build.0 = Release|x86
		{BE5FA9C9-4AAC-4C42-B0C0-56E45CBFFD82}.Debug|Any CPU.ActiveCfg = Debug|Any CPU
		{BE5FA9C9-4AAC-4C42-B0C0-56E45CBFFD82}.Debug|Any CPU.Build.0 = Debug|Any CPU
		{BE5FA9C9-4AAC-4C42-B0C0-56E45CBFFD82}.Debug|x64.ActiveCfg = Debug|Any CPU
		{BE5FA9C9-4AAC-4C42-B0C0-56E45CBFFD82}.Debug|x64.Build.0 = Debug|Any CPU
		{BE5FA9C9-4AAC-4C42-B0C0-56E45CBFFD82}.Debug|x86.ActiveCfg = Debug|Any CPU
		{BE5FA9C9-4AAC-4C42-B0C0-56E45CBFFD82}.Debug|x86.Build.0 = Debug|Any CPU
		{BE5FA9C9-4AAC-4C42-B0C0-56E45CBFFD82}.Release|Any CPU.ActiveCfg = Release|Any CPU
		{BE5FA9C9-4AAC-4C42-B0C0-56E45CBFFD82}.Release|Any CPU.Build.0 = Release|Any CPU
		{BE5FA9C9-4AAC-4C42-B0C0-56E45CBFFD82}.Release|x64.ActiveCfg = Release|Any CPU
		{BE5FA9C9-4AAC-4C42-B0C0-56E45CBFFD82}.Release|x64.Build.0 = Release|Any CPU
		{BE5FA9C9-4AAC-4C42-B0C0-56E45CBFFD82}.Release|x86.ActiveCfg = Release|Any CPU
		{BE5FA9C9-4AAC-4C42-B0C0-56E45CBFFD82}.Release|x86.Build.0 = Release|Any CPU
		{80A40211-0A05-4D46-8421-B51E3EE051DE}.Debug|Any CPU.ActiveCfg = Debug|Any CPU
		{80A40211-0A05-4D46-8421-B51E3EE051DE}.Debug|Any CPU.Build.0 = Debug|Any CPU
		{80A40211-0A05-4D46-8421-B51E3EE051DE}.Debug|x64.ActiveCfg = Debug|Any CPU
		{80A40211-0A05-4D46-8421-B51E3EE051DE}.Debug|x64.Build.0 = Debug|Any CPU
		{80A40211-0A05-4D46-8421-B51E3EE051DE}.Debug|x86.ActiveCfg = Debug|Any CPU
		{80A40211-0A05-4D46-8421-B51E3EE051DE}.Debug|x86.Build.0 = Debug|Any CPU
		{80A40211-0A05-4D46-8421-B51E3EE051DE}.Release|Any CPU.ActiveCfg = Release|Any CPU
		{80A40211-0A05-4D46-8421-B51E3EE051DE}.Release|Any CPU.Build.0 = Release|Any CPU
		{80A40211-0A05-4D46-8421-B51E3EE051DE}.Release|x64.ActiveCfg = Release|Any CPU
		{80A40211-0A05-4D46-8421-B51E3EE051DE}.Release|x64.Build.0 = Release|Any CPU
		{80A40211-0A05-4D46-8421-B51E3EE051DE}.Release|x86.ActiveCfg = Release|Any CPU
		{80A40211-0A05-4D46-8421-B51E3EE051DE}.Release|x86.Build.0 = Release|Any CPU
		{16E3D0F5-D425-4407-B6BE-70FB513E8CEA}.Debug|Any CPU.ActiveCfg = Debug|Any CPU
		{16E3D0F5-D425-4407-B6BE-70FB513E8CEA}.Debug|Any CPU.Build.0 = Debug|Any CPU
		{16E3D0F5-D425-4407-B6BE-70FB513E8CEA}.Debug|x64.ActiveCfg = Debug|Any CPU
		{16E3D0F5-D425-4407-B6BE-70FB513E8CEA}.Debug|x64.Build.0 = Debug|Any CPU
		{16E3D0F5-D425-4407-B6BE-70FB513E8CEA}.Debug|x86.ActiveCfg = Debug|Any CPU
		{16E3D0F5-D425-4407-B6BE-70FB513E8CEA}.Debug|x86.Build.0 = Debug|Any CPU
		{16E3D0F5-D425-4407-B6BE-70FB513E8CEA}.Release|Any CPU.ActiveCfg = Release|Any CPU
		{16E3D0F5-D425-4407-B6BE-70FB513E8CEA}.Release|Any CPU.Build.0 = Release|Any CPU
		{16E3D0F5-D425-4407-B6BE-70FB513E8CEA}.Release|x64.ActiveCfg = Release|Any CPU
		{16E3D0F5-D425-4407-B6BE-70FB513E8CEA}.Release|x64.Build.0 = Release|Any CPU
		{16E3D0F5-D425-4407-B6BE-70FB513E8CEA}.Release|x86.ActiveCfg = Release|Any CPU
		{16E3D0F5-D425-4407-B6BE-70FB513E8CEA}.Release|x86.Build.0 = Release|Any CPU
		{CB2BD864-4BCF-4A6D-B29F-FDA583626B4E}.Debug|Any CPU.ActiveCfg = Debug|Any CPU
		{CB2BD864-4BCF-4A6D-B29F-FDA583626B4E}.Debug|Any CPU.Build.0 = Debug|Any CPU
		{CB2BD864-4BCF-4A6D-B29F-FDA583626B4E}.Debug|x64.ActiveCfg = Debug|Any CPU
		{CB2BD864-4BCF-4A6D-B29F-FDA583626B4E}.Debug|x64.Build.0 = Debug|Any CPU
		{CB2BD864-4BCF-4A6D-B29F-FDA583626B4E}.Debug|x86.ActiveCfg = Debug|Any CPU
		{CB2BD864-4BCF-4A6D-B29F-FDA583626B4E}.Debug|x86.Build.0 = Debug|Any CPU
		{CB2BD864-4BCF-4A6D-B29F-FDA583626B4E}.Release|Any CPU.ActiveCfg = Release|Any CPU
		{CB2BD864-4BCF-4A6D-B29F-FDA583626B4E}.Release|Any CPU.Build.0 = Release|Any CPU
		{CB2BD864-4BCF-4A6D-B29F-FDA583626B4E}.Release|x64.ActiveCfg = Release|Any CPU
		{CB2BD864-4BCF-4A6D-B29F-FDA583626B4E}.Release|x64.Build.0 = Release|Any CPU
		{CB2BD864-4BCF-4A6D-B29F-FDA583626B4E}.Release|x86.ActiveCfg = Release|Any CPU
		{CB2BD864-4BCF-4A6D-B29F-FDA583626B4E}.Release|x86.Build.0 = Release|Any CPU
		{94D6DD3A-3C17-498E-8051-0973C083CA8E}.Debug|Any CPU.ActiveCfg = Debug|Any CPU
		{94D6DD3A-3C17-498E-8051-0973C083CA8E}.Debug|Any CPU.Build.0 = Debug|Any CPU
		{94D6DD3A-3C17-498E-8051-0973C083CA8E}.Debug|x64.ActiveCfg = Debug|Any CPU
		{94D6DD3A-3C17-498E-8051-0973C083CA8E}.Debug|x64.Build.0 = Debug|Any CPU
		{94D6DD3A-3C17-498E-8051-0973C083CA8E}.Debug|x86.ActiveCfg = Debug|Any CPU
		{94D6DD3A-3C17-498E-8051-0973C083CA8E}.Debug|x86.Build.0 = Debug|Any CPU
		{94D6DD3A-3C17-498E-8051-0973C083CA8E}.Release|Any CPU.ActiveCfg = Release|Any CPU
		{94D6DD3A-3C17-498E-8051-0973C083CA8E}.Release|Any CPU.Build.0 = Release|Any CPU
		{94D6DD3A-3C17-498E-8051-0973C083CA8E}.Release|x64.ActiveCfg = Release|Any CPU
		{94D6DD3A-3C17-498E-8051-0973C083CA8E}.Release|x64.Build.0 = Release|Any CPU
		{94D6DD3A-3C17-498E-8051-0973C083CA8E}.Release|x86.ActiveCfg = Release|Any CPU
		{94D6DD3A-3C17-498E-8051-0973C083CA8E}.Release|x86.Build.0 = Release|Any CPU
		{670C814C-533C-4295-8A01-03327360F94D}.Debug|Any CPU.ActiveCfg = Debug|Any CPU
		{670C814C-533C-4295-8A01-03327360F94D}.Debug|Any CPU.Build.0 = Debug|Any CPU
		{670C814C-533C-4295-8A01-03327360F94D}.Debug|x64.ActiveCfg = Debug|Any CPU
		{670C814C-533C-4295-8A01-03327360F94D}.Debug|x64.Build.0 = Debug|Any CPU
		{670C814C-533C-4295-8A01-03327360F94D}.Debug|x86.ActiveCfg = Debug|Any CPU
		{670C814C-533C-4295-8A01-03327360F94D}.Debug|x86.Build.0 = Debug|Any CPU
		{670C814C-533C-4295-8A01-03327360F94D}.Release|Any CPU.ActiveCfg = Release|Any CPU
		{670C814C-533C-4295-8A01-03327360F94D}.Release|Any CPU.Build.0 = Release|Any CPU
		{670C814C-533C-4295-8A01-03327360F94D}.Release|x64.ActiveCfg = Release|Any CPU
		{670C814C-533C-4295-8A01-03327360F94D}.Release|x64.Build.0 = Release|Any CPU
		{670C814C-533C-4295-8A01-03327360F94D}.Release|x86.ActiveCfg = Release|Any CPU
		{670C814C-533C-4295-8A01-03327360F94D}.Release|x86.Build.0 = Release|Any CPU
		{39DBA6CA-E772-4CA7-A43D-CFC8AAFBC34B}.Debug|Any CPU.ActiveCfg = Debug|Any CPU
		{39DBA6CA-E772-4CA7-A43D-CFC8AAFBC34B}.Debug|Any CPU.Build.0 = Debug|Any CPU
		{39DBA6CA-E772-4CA7-A43D-CFC8AAFBC34B}.Debug|x64.ActiveCfg = Debug|Any CPU
		{39DBA6CA-E772-4CA7-A43D-CFC8AAFBC34B}.Debug|x64.Build.0 = Debug|Any CPU
		{39DBA6CA-E772-4CA7-A43D-CFC8AAFBC34B}.Debug|x86.ActiveCfg = Debug|Any CPU
		{39DBA6CA-E772-4CA7-A43D-CFC8AAFBC34B}.Debug|x86.Build.0 = Debug|Any CPU
		{39DBA6CA-E772-4CA7-A43D-CFC8AAFBC34B}.Release|Any CPU.ActiveCfg = Release|Any CPU
		{39DBA6CA-E772-4CA7-A43D-CFC8AAFBC34B}.Release|Any CPU.Build.0 = Release|Any CPU
		{39DBA6CA-E772-4CA7-A43D-CFC8AAFBC34B}.Release|x64.ActiveCfg = Release|Any CPU
		{39DBA6CA-E772-4CA7-A43D-CFC8AAFBC34B}.Release|x64.Build.0 = Release|Any CPU
		{39DBA6CA-E772-4CA7-A43D-CFC8AAFBC34B}.Release|x86.ActiveCfg = Release|Any CPU
		{39DBA6CA-E772-4CA7-A43D-CFC8AAFBC34B}.Release|x86.Build.0 = Release|Any CPU
		{974E44EB-AF8A-4250-9797-7D5DF45567DA}.Debug|Any CPU.ActiveCfg = Debug|Any CPU
		{974E44EB-AF8A-4250-9797-7D5DF45567DA}.Debug|Any CPU.Build.0 = Debug|Any CPU
		{974E44EB-AF8A-4250-9797-7D5DF45567DA}.Debug|x64.ActiveCfg = Debug|Any CPU
		{974E44EB-AF8A-4250-9797-7D5DF45567DA}.Debug|x64.Build.0 = Debug|Any CPU
		{974E44EB-AF8A-4250-9797-7D5DF45567DA}.Debug|x86.ActiveCfg = Debug|Any CPU
		{974E44EB-AF8A-4250-9797-7D5DF45567DA}.Debug|x86.Build.0 = Debug|Any CPU
		{974E44EB-AF8A-4250-9797-7D5DF45567DA}.Release|Any CPU.ActiveCfg = Release|Any CPU
		{974E44EB-AF8A-4250-9797-7D5DF45567DA}.Release|Any CPU.Build.0 = Release|Any CPU
		{974E44EB-AF8A-4250-9797-7D5DF45567DA}.Release|x64.ActiveCfg = Release|Any CPU
		{974E44EB-AF8A-4250-9797-7D5DF45567DA}.Release|x64.Build.0 = Release|Any CPU
		{974E44EB-AF8A-4250-9797-7D5DF45567DA}.Release|x86.ActiveCfg = Release|Any CPU
		{974E44EB-AF8A-4250-9797-7D5DF45567DA}.Release|x86.Build.0 = Release|Any CPU
		{EA93C10F-E142-49F4-B0B8-D0DD0A90E3D5}.Debug|Any CPU.ActiveCfg = Debug|Any CPU
		{EA93C10F-E142-49F4-B0B8-D0DD0A90E3D5}.Debug|Any CPU.Build.0 = Debug|Any CPU
		{EA93C10F-E142-49F4-B0B8-D0DD0A90E3D5}.Debug|x64.ActiveCfg = Debug|Any CPU
		{EA93C10F-E142-49F4-B0B8-D0DD0A90E3D5}.Debug|x64.Build.0 = Debug|Any CPU
		{EA93C10F-E142-49F4-B0B8-D0DD0A90E3D5}.Debug|x86.ActiveCfg = Debug|Any CPU
		{EA93C10F-E142-49F4-B0B8-D0DD0A90E3D5}.Debug|x86.Build.0 = Debug|Any CPU
		{EA93C10F-E142-49F4-B0B8-D0DD0A90E3D5}.Release|Any CPU.ActiveCfg = Release|Any CPU
		{EA93C10F-E142-49F4-B0B8-D0DD0A90E3D5}.Release|Any CPU.Build.0 = Release|Any CPU
		{EA93C10F-E142-49F4-B0B8-D0DD0A90E3D5}.Release|x64.ActiveCfg = Release|Any CPU
		{EA93C10F-E142-49F4-B0B8-D0DD0A90E3D5}.Release|x64.Build.0 = Release|Any CPU
		{EA93C10F-E142-49F4-B0B8-D0DD0A90E3D5}.Release|x86.ActiveCfg = Release|Any CPU
		{EA93C10F-E142-49F4-B0B8-D0DD0A90E3D5}.Release|x86.Build.0 = Release|Any CPU
		{4AFEB979-7E52-4941-BE68-D5ED6B7438B1}.Debug|Any CPU.ActiveCfg = Debug|Any CPU
		{4AFEB979-7E52-4941-BE68-D5ED6B7438B1}.Debug|Any CPU.Build.0 = Debug|Any CPU
		{4AFEB979-7E52-4941-BE68-D5ED6B7438B1}.Debug|x64.ActiveCfg = Debug|Any CPU
		{4AFEB979-7E52-4941-BE68-D5ED6B7438B1}.Debug|x64.Build.0 = Debug|Any CPU
		{4AFEB979-7E52-4941-BE68-D5ED6B7438B1}.Debug|x86.ActiveCfg = Debug|Any CPU
		{4AFEB979-7E52-4941-BE68-D5ED6B7438B1}.Debug|x86.Build.0 = Debug|Any CPU
		{4AFEB979-7E52-4941-BE68-D5ED6B7438B1}.Release|Any CPU.ActiveCfg = Release|Any CPU
		{4AFEB979-7E52-4941-BE68-D5ED6B7438B1}.Release|Any CPU.Build.0 = Release|Any CPU
		{4AFEB979-7E52-4941-BE68-D5ED6B7438B1}.Release|x64.ActiveCfg = Release|Any CPU
		{4AFEB979-7E52-4941-BE68-D5ED6B7438B1}.Release|x64.Build.0 = Release|Any CPU
		{4AFEB979-7E52-4941-BE68-D5ED6B7438B1}.Release|x86.ActiveCfg = Release|Any CPU
		{4AFEB979-7E52-4941-BE68-D5ED6B7438B1}.Release|x86.Build.0 = Release|Any CPU
		{8A0B83AF-ED6B-4AA8-A793-FD466797FAFF}.Debug|Any CPU.ActiveCfg = Debug|Any CPU
		{8A0B83AF-ED6B-4AA8-A793-FD466797FAFF}.Debug|Any CPU.Build.0 = Debug|Any CPU
		{8A0B83AF-ED6B-4AA8-A793-FD466797FAFF}.Debug|x64.ActiveCfg = Debug|Any CPU
		{8A0B83AF-ED6B-4AA8-A793-FD466797FAFF}.Debug|x64.Build.0 = Debug|Any CPU
		{8A0B83AF-ED6B-4AA8-A793-FD466797FAFF}.Debug|x86.ActiveCfg = Debug|Any CPU
		{8A0B83AF-ED6B-4AA8-A793-FD466797FAFF}.Debug|x86.Build.0 = Debug|Any CPU
		{8A0B83AF-ED6B-4AA8-A793-FD466797FAFF}.Release|Any CPU.ActiveCfg = Release|Any CPU
		{8A0B83AF-ED6B-4AA8-A793-FD466797FAFF}.Release|Any CPU.Build.0 = Release|Any CPU
		{8A0B83AF-ED6B-4AA8-A793-FD466797FAFF}.Release|x64.ActiveCfg = Release|Any CPU
		{8A0B83AF-ED6B-4AA8-A793-FD466797FAFF}.Release|x64.Build.0 = Release|Any CPU
		{8A0B83AF-ED6B-4AA8-A793-FD466797FAFF}.Release|x86.ActiveCfg = Release|Any CPU
		{8A0B83AF-ED6B-4AA8-A793-FD466797FAFF}.Release|x86.Build.0 = Release|Any CPU
		{042B5C31-2530-4FDA-8F52-CD0F7366CA98}.Debug|Any CPU.ActiveCfg = Debug|Any CPU
		{042B5C31-2530-4FDA-8F52-CD0F7366CA98}.Debug|Any CPU.Build.0 = Debug|Any CPU
		{042B5C31-2530-4FDA-8F52-CD0F7366CA98}.Debug|x64.ActiveCfg = Debug|Any CPU
		{042B5C31-2530-4FDA-8F52-CD0F7366CA98}.Debug|x64.Build.0 = Debug|Any CPU
		{042B5C31-2530-4FDA-8F52-CD0F7366CA98}.Debug|x86.ActiveCfg = Debug|Any CPU
		{042B5C31-2530-4FDA-8F52-CD0F7366CA98}.Debug|x86.Build.0 = Debug|Any CPU
		{042B5C31-2530-4FDA-8F52-CD0F7366CA98}.Release|Any CPU.ActiveCfg = Release|Any CPU
		{042B5C31-2530-4FDA-8F52-CD0F7366CA98}.Release|Any CPU.Build.0 = Release|Any CPU
		{042B5C31-2530-4FDA-8F52-CD0F7366CA98}.Release|x64.ActiveCfg = Release|Any CPU
		{042B5C31-2530-4FDA-8F52-CD0F7366CA98}.Release|x64.Build.0 = Release|Any CPU
		{042B5C31-2530-4FDA-8F52-CD0F7366CA98}.Release|x86.ActiveCfg = Release|Any CPU
		{042B5C31-2530-4FDA-8F52-CD0F7366CA98}.Release|x86.Build.0 = Release|Any CPU
	EndGlobalSection
	GlobalSection(SolutionProperties) = preSolution
		HideSolutionNode = FALSE
	EndGlobalSection
	GlobalSection(NestedProjects) = preSolution
		{1DB3AE98-DD46-4F2B-B5F3-93BE93A1ED7C} = {3C26649E-219C-4EAB-A44B-58728DBA56C0}
		{FF0DDD83-07F1-43CF-A1DD-9F96CC39E982} = {3C26649E-219C-4EAB-A44B-58728DBA56C0}
	EndGlobalSection
	GlobalSection(ExtensibilityGlobals) = postSolution
		SolutionGuid = {A93E559F-E651-49CD-812C-8DD101081351}
	EndGlobalSection
EndGlobal
